
Microsoft Visual Studio Solution File, Format Version 12.00
# Visual Studio 15
VisualStudioVersion = 15.0.28307.421
MinimumVisualStudioVersion = 10.0.40219.1
Project("{FAE04EC0-301F-11D3-BF4B-00C04F79EFBC}") = "Botelek1-v2", "Botelek1-v2\Botelek1-v2.csproj", "{1B26C509-60AF-4F51-99CA-E9B2BA70FB78}"
EndProject
Global
	GlobalSection(SolutionConfigurationPlatforms) = preSolution
		Debug|Any CPU = Debug|Any CPU
		Release|Any CPU = Release|Any CPU
	EndGlobalSection
	GlobalSection(ProjectConfigurationPlatforms) = postSolution
		{1B26C509-60AF-4F51-99CA-E9B2BA70FB78}.Debug|Any CPU.ActiveCfg = Debug|Any CPU
		{1B26C509-60AF-4F51-99CA-E9B2BA70FB78}.Debug|Any CPU.Build.0 = Debug|Any CPU
		{1B26C509-60AF-4F51-99CA-E9B2BA70FB78}.Release|Any CPU.ActiveCfg = Release|Any CPU
		{1B26C509-60AF-4F51-99CA-E9B2BA70FB78}.Release|Any CPU.Build.0 = Release|Any CPU
	EndGlobalSection
	GlobalSection(SolutionProperties) = preSolution
		HideSolutionNode = FALSE
	EndGlobalSection
	GlobalSection(ExtensibilityGlobals) = postSolution
		SolutionGuid = {D3139C5B-A404-4074-ACC2-13A682E72591}
	EndGlobalSection
EndGlobal
